
Microsoft Visual Studio Solution File, Format Version 12.00
# Visual Studio 14
VisualStudioVersion = 14.0.24720.0
MinimumVisualStudioVersion = 10.0.40219.1
Project("{2150E333-8FDC-42A3-9474-1A3956D46DE8}") = "PostFilters", "PostFilters", "{69708E84-49A2-4F8D-96F9-56E22C786B36}"
EndProject
Project("{2150E333-8FDC-42A3-9474-1A3956D46DE8}") = "PreFilters", "PreFilters", "{1A50C737-B0C6-4B8B-B82F-FAA7BE935D9A}"
EndProject
Project("{FAE04EC0-301F-11D3-BF4B-00C04F79EFBC}") = "CoordinateDataPreFilter", "PreFilters\CoordinateDataPreFilter\CoordinateDataPreFilter.csproj", "{215EE74D-1691-4EA3-B5CA-2CC9F37A3F11}"
EndProject
Project("{FAE04EC0-301F-11D3-BF4B-00C04F79EFBC}") = "SensorDataPreFilter", "PreFilters\SensorDataPreFilter\SensorDataPreFilter.csproj", "{499B9A40-88BF-442F-8177-B3EC1F5FBC1F}"
EndProject
Project("{FAE04EC0-301F-11D3-BF4B-00C04F79EFBC}") = "CoordinateDataPostFilter", "PostFilters\CoordinateDataFilters\CoordinateDataPostFilter.csproj", "{D81CCF9A-E37D-4CC1-B34A-4AABC277152E}"
EndProject
Project("{FAE04EC0-301F-11D3-BF4B-00C04F79EFBC}") = "SensorDataPostFilter", "PostFilters\SensorDataFilters\SensorDataPostFilter.csproj", "{1116AC33-0250-42D0-9238-71E621179AF9}"
EndProject
Global
	GlobalSection(SolutionConfigurationPlatforms) = preSolution
		Debug|Any CPU = Debug|Any CPU
		Release|Any CPU = Release|Any CPU
	EndGlobalSection
	GlobalSection(ProjectConfigurationPlatforms) = postSolution
		{215EE74D-1691-4EA3-B5CA-2CC9F37A3F11}.Debug|Any CPU.ActiveCfg = Debug|Any CPU
		{215EE74D-1691-4EA3-B5CA-2CC9F37A3F11}.Debug|Any CPU.Build.0 = Debug|Any CPU
		{215EE74D-1691-4EA3-B5CA-2CC9F37A3F11}.Release|Any CPU.ActiveCfg = Release|Any CPU
		{215EE74D-1691-4EA3-B5CA-2CC9F37A3F11}.Release|Any CPU.Build.0 = Release|Any CPU
		{499B9A40-88BF-442F-8177-B3EC1F5FBC1F}.Debug|Any CPU.ActiveCfg = Debug|Any CPU
		{499B9A40-88BF-442F-8177-B3EC1F5FBC1F}.Debug|Any CPU.Build.0 = Debug|Any CPU
		{499B9A40-88BF-442F-8177-B3EC1F5FBC1F}.Release|Any CPU.ActiveCfg = Release|Any CPU
		{499B9A40-88BF-442F-8177-B3EC1F5FBC1F}.Release|Any CPU.Build.0 = Release|Any CPU
		{D81CCF9A-E37D-4CC1-B34A-4AABC277152E}.Debug|Any CPU.ActiveCfg = Debug|Any CPU
		{D81CCF9A-E37D-4CC1-B34A-4AABC277152E}.Debug|Any CPU.Build.0 = Debug|Any CPU
		{D81CCF9A-E37D-4CC1-B34A-4AABC277152E}.Release|Any CPU.ActiveCfg = Release|Any CPU
		{D81CCF9A-E37D-4CC1-B34A-4AABC277152E}.Release|Any CPU.Build.0 = Release|Any CPU
		{1116AC33-0250-42D0-9238-71E621179AF9}.Debug|Any CPU.ActiveCfg = Debug|Any CPU
		{1116AC33-0250-42D0-9238-71E621179AF9}.Debug|Any CPU.Build.0 = Debug|Any CPU
		{1116AC33-0250-42D0-9238-71E621179AF9}.Release|Any CPU.ActiveCfg = Release|Any CPU
		{1116AC33-0250-42D0-9238-71E621179AF9}.Release|Any CPU.Build.0 = Release|Any CPU
	EndGlobalSection
	GlobalSection(SolutionProperties) = preSolution
		HideSolutionNode = FALSE
	EndGlobalSection
	GlobalSection(NestedProjects) = preSolution
		{215EE74D-1691-4EA3-B5CA-2CC9F37A3F11} = {1A50C737-B0C6-4B8B-B82F-FAA7BE935D9A}
		{499B9A40-88BF-442F-8177-B3EC1F5FBC1F} = {1A50C737-B0C6-4B8B-B82F-FAA7BE935D9A}
		{D81CCF9A-E37D-4CC1-B34A-4AABC277152E} = {69708E84-49A2-4F8D-96F9-56E22C786B36}
		{1116AC33-0250-42D0-9238-71E621179AF9} = {69708E84-49A2-4F8D-96F9-56E22C786B36}
	EndGlobalSection
EndGlobal
